
Microsoft Visual Studio Solution File, Format Version 12.00
# Visual Studio 15
VisualStudioVersion = 15.0.26403.7
MinimumVisualStudioVersion = 10.0.40219.1
Project("{FAE04EC0-301F-11D3-BF4B-00C04F79EFBC}") = "Frontend", "Frontend\Frontend.csproj", "{2A968982-DD31-4218-AFD5-D93CA6F3E7A1}"
EndProject
Project("{E53339B2-1760-4266-BCC7-CA923CBCF16C}") = "docker-compose", "docker-compose.dcproj", "{EBBA4EC4-3367-4813-B955-4269429E5D50}"
EndProject
Project("{FAE04EC0-301F-11D3-BF4B-00C04F79EFBC}") = "Backend", "Backend\Backend.csproj", "{AAECE63D-FAA9-4312-AF11-A0A1614DD8CF}"
EndProject
Global
	GlobalSection(SolutionConfigurationPlatforms) = preSolution
		Debug|Any CPU = Debug|Any CPU
		Release|Any CPU = Release|Any CPU
	EndGlobalSection
	GlobalSection(ProjectConfigurationPlatforms) = postSolution
		{2A968982-DD31-4218-AFD5-D93CA6F3E7A1}.Debug|Any CPU.ActiveCfg = Debug|Any CPU
		{2A968982-DD31-4218-AFD5-D93CA6F3E7A1}.Debug|Any CPU.Build.0 = Debug|Any CPU
		{2A968982-DD31-4218-AFD5-D93CA6F3E7A1}.Release|Any CPU.ActiveCfg = Release|Any CPU
		{2A968982-DD31-4218-AFD5-D93CA6F3E7A1}.Release|Any CPU.Build.0 = Release|Any CPU
		{EBBA4EC4-3367-4813-B955-4269429E5D50}.Debug|Any CPU.ActiveCfg = Debug|Any CPU
		{EBBA4EC4-3367-4813-B955-4269429E5D50}.Debug|Any CPU.Build.0 = Debug|Any CPU
		{EBBA4EC4-3367-4813-B955-4269429E5D50}.Release|Any CPU.ActiveCfg = Release|Any CPU
		{EBBA4EC4-3367-4813-B955-4269429E5D50}.Release|Any CPU.Build.0 = Release|Any CPU
		{AAECE63D-FAA9-4312-AF11-A0A1614DD8CF}.Debug|Any CPU.ActiveCfg = Debug|Any CPU
		{AAECE63D-FAA9-4312-AF11-A0A1614DD8CF}.Debug|Any CPU.Build.0 = Debug|Any CPU
		{AAECE63D-FAA9-4312-AF11-A0A1614DD8CF}.Release|Any CPU.ActiveCfg = Release|Any CPU
		{AAECE63D-FAA9-4312-AF11-A0A1614DD8CF}.Release|Any CPU.Build.0 = Release|Any CPU
	EndGlobalSection
	GlobalSection(SolutionProperties) = preSolution
		HideSolutionNode = FALSE
	EndGlobalSection
EndGlobal
